
Microsoft Visual Studio Solution File, Format Version 12.00
# Visual Studio Version 16
VisualStudioVersion = 16.0.31624.102
MinimumVisualStudioVersion = 10.0.40219.1
Project("{9A19103F-16F7-4668-BE54-9A1E7A4F7556}") = "MinecraftSubstrateFrontend", "MinecraftSubstrateFrontend\MinecraftSubstrateFrontend.csproj", "{52FA9EA7-D2FE-438D-AE0F-10E7885AAAA9}"
EndProject
Project("{FAE04EC0-301F-11D3-BF4B-00C04F79EFBC}") = "Substrate", "..\..\..\Downloads\Substrate-2.x\Substrate-2.x\Substrate\Substrate.csproj", "{7264A1C4-AB4A-4437-B252-7379B98B5509}"
EndProject
Project("{FAE04EC0-301F-11D3-BF4B-00C04F79EFBC}") = "BlockReplace", "..\..\..\Downloads\Substrate-2.x\Substrate-2.x\Examples\CS\BlockReplace\BlockReplace.csproj", "{6D24D262-34D3-43A6-B066-1312A0C72B16}"
EndProject
Global
	GlobalSection(SolutionConfigurationPlatforms) = preSolution
		Debug|Any CPU = Debug|Any CPU
		net40-client-Debug|Any CPU = net40-client-Debug|Any CPU
		net40-client-Release|Any CPU = net40-client-Release|Any CPU
		Release|Any CPU = Release|Any CPU
	EndGlobalSection
	GlobalSection(ProjectConfigurationPlatforms) = postSolution
		{52FA9EA7-D2FE-438D-AE0F-10E7885AAAA9}.Debug|Any CPU.ActiveCfg = Debug|Any CPU
		{52FA9EA7-D2FE-438D-AE0F-10E7885AAAA9}.Debug|Any CPU.Build.0 = Debug|Any CPU
		{52FA9EA7-D2FE-438D-AE0F-10E7885AAAA9}.net40-client-Debug|Any CPU.ActiveCfg = Debug|Any CPU
		{52FA9EA7-D2FE-438D-AE0F-10E7885AAAA9}.net40-client-Debug|Any CPU.Build.0 = Debug|Any CPU
		{52FA9EA7-D2FE-438D-AE0F-10E7885AAAA9}.net40-client-Release|Any CPU.ActiveCfg = Release|Any CPU
		{52FA9EA7-D2FE-438D-AE0F-10E7885AAAA9}.net40-client-Release|Any CPU.Build.0 = Release|Any CPU
		{52FA9EA7-D2FE-438D-AE0F-10E7885AAAA9}.Release|Any CPU.ActiveCfg = Release|Any CPU
		{52FA9EA7-D2FE-438D-AE0F-10E7885AAAA9}.Release|Any CPU.Build.0 = Release|Any CPU
		{7264A1C4-AB4A-4437-B252-7379B98B5509}.Debug|Any CPU.ActiveCfg = net40-client-Debug|Any CPU
		{7264A1C4-AB4A-4437-B252-7379B98B5509}.Debug|Any CPU.Build.0 = net40-client-Debug|Any CPU
		{7264A1C4-AB4A-4437-B252-7379B98B5509}.net40-client-Debug|Any CPU.ActiveCfg = net40-client-Debug|Any CPU
		{7264A1C4-AB4A-4437-B252-7379B98B5509}.net40-client-Debug|Any CPU.Build.0 = net40-client-Debug|Any CPU
		{7264A1C4-AB4A-4437-B252-7379B98B5509}.net40-client-Release|Any CPU.ActiveCfg = net40-client-Release|Any CPU
		{7264A1C4-AB4A-4437-B252-7379B98B5509}.net40-client-Release|Any CPU.Build.0 = net40-client-Release|Any CPU
		{7264A1C4-AB4A-4437-B252-7379B98B5509}.Release|Any CPU.ActiveCfg = net40-client-Release|Any CPU
		{7264A1C4-AB4A-4437-B252-7379B98B5509}.Release|Any CPU.Build.0 = net40-client-Release|Any CPU
		{6D24D262-34D3-43A6-B066-1312A0C72B16}.Debug|Any CPU.ActiveCfg = Debug|Any CPU
		{6D24D262-34D3-43A6-B066-1312A0C72B16}.Debug|Any CPU.Build.0 = Debug|Any CPU
		{6D24D262-34D3-43A6-B066-1312A0C72B16}.net40-client-Debug|Any CPU.ActiveCfg = Debug|Any CPU
		{6D24D262-34D3-43A6-B066-1312A0C72B16}.net40-client-Debug|Any CPU.Build.0 = Debug|Any CPU
		{6D24D262-34D3-43A6-B066-1312A0C72B16}.net40-client-Release|Any CPU.ActiveCfg = Release|Any CPU
		{6D24D262-34D3-43A6-B066-1312A0C72B16}.net40-client-Release|Any CPU.Build.0 = Release|Any CPU
		{6D24D262-34D3-43A6-B066-1312A0C72B16}.Release|Any CPU.ActiveCfg = Release|Any CPU
		{6D24D262-34D3-43A6-B066-1312A0C72B16}.Release|Any CPU.Build.0 = Release|Any CPU
	EndGlobalSection
	GlobalSection(SolutionProperties) = preSolution
		HideSolutionNode = FALSE
	EndGlobalSection
	GlobalSection(ExtensibilityGlobals) = postSolution
		SolutionGuid = {C94A044F-723A-40A2-B49D-A53CF25F1EF4}
	EndGlobalSection
EndGlobal
